<?xml version="1.0" encoding="UTF-8"?>
<Scheme
   LastUpgradeVersion = "0510"
   version = "1.3">
   <BuildAction
      parallelizeBuildables = "YES"
      buildImplicitDependencies = "YES">
      <BuildActionEntries>
         <BuildActionEntry
            buildForTesting = "YES"
            buildForRunning = "YES"
            buildForProfiling = "YES"
            buildForArchiving = "YES"
            buildForAnalyzing = "YES">
            <BuildableReference
               BuildableIdentifier = "primary"
               BlueprintIdentifier = "0A0C242219477D8F00401B74"
               BuildableName = "LayerSample.app"
               BlueprintName = "LayerSample"
               ReferencedContainer = "container:LayerSample.xcodeproj">
            </BuildableReference>
         </BuildActionEntry>
      </BuildActionEntries>
   </BuildAction>
   <TestAction
      selectedDebuggerIdentifier = "Xcode.DebuggerFoundation.Debugger.LLDB"
      selectedLauncherIdentifier = "Xcode.DebuggerFoundation.Launcher.LLDB"
      shouldUseLaunchSchemeArgsEnv = "YES"
      buildConfiguration = "Debug">
      <Testables>
         <TestableReference
            skipped = "NO">
            <BuildableReference
               BuildableIdentifier = "primary"
               BlueprintIdentifier = "0A0C244319477D8F00401B74"
               BuildableName = "LayerSampleTests.xctest"
               BlueprintName = "LayerSampleTests"
               ReferencedContainer = "container:LayerSample.xcodeproj">
            </BuildableReference>
            <SkippedTests>
               <Test
                  Identifier = "LSAPIManagerTest/testExample">
               </Test>
               <Test
                  Identifier = "LSMessagingTest">
               </Test>
               <Test
                  Identifier = "LSUITest/testToVerifyASentPhotoIsRecievedByTheRecipient">
               </Test>
               <Test
                  Identifier = "LSUITest/testToVerifySelectingAnImageFromTheCameraRollAndSending">
               </Test>
               <Test
                  Identifier = "LSUITest/testToVerifyThatPhotosAndMessagesAreAccuratelySentAndRecievedByMultipleParticipantsInAGroupChat">
               </Test>
            </SkippedTests>
         </TestableReference>
      </Testables>
      <MacroExpansion>
         <BuildableReference
            BuildableIdentifier = "primary"
            BlueprintIdentifier = "0A0C242219477D8F00401B74"
            BuildableName = "LayerSample.app"
            BlueprintName = "LayerSample"
            ReferencedContainer = "container:LayerSample.xcodeproj">
         </BuildableReference>
      </MacroExpansion>
   </TestAction>
   <LaunchAction
      selectedDebuggerIdentifier = "Xcode.DebuggerFoundation.Debugger.LLDB"
      selectedLauncherIdentifier = "Xcode.DebuggerFoundation.Launcher.LLDB"
      launchStyle = "0"
      useCustomWorkingDirectory = "NO"
      buildConfiguration = "Debug"
      ignoresPersistentStateOnLaunch = "NO"
      debugDocumentVersioning = "YES"
      allowLocationSimulation = "YES">
      <BuildableProductRunnable>
         <BuildableReference
            BuildableIdentifier = "primary"
            BlueprintIdentifier = "0A0C242219477D8F00401B74"
            BuildableName = "LayerSample.app"
            BlueprintName = "LayerSample"
            ReferencedContainer = "container:LayerSample.xcodeproj">
         </BuildableReference>
      </BuildableProductRunnable>
      <EnvironmentVariables>
         <EnvironmentVariable
            key = "LAYER_TEST_HOST"
            value = "172.17.8.101"
            isEnabled = "YES">
         </EnvironmentVariable>
      </EnvironmentVariables>
      <AdditionalOptions>
      </AdditionalOptions>
   </LaunchAction>
   <ProfileAction
      shouldUseLaunchSchemeArgsEnv = "YES"
      savedToolIdentifier = ""
      useCustomWorkingDirectory = "NO"
      buildConfiguration = "Release"
      debugDocumentVersioning = "YES">
      <BuildableProductRunnable>
         <BuildableReference
            BuildableIdentifier = "primary"
            BlueprintIdentifier = "0A0C242219477D8F00401B74"
            BuildableName = "LayerSample.app"
            BlueprintName = "LayerSample"
            ReferencedContainer = "container:LayerSample.xcodeproj">
         </BuildableReference>
      </BuildableProductRunnable>
   </ProfileAction>
   <AnalyzeAction
      buildConfiguration = "Debug">
   </AnalyzeAction>
   <ArchiveAction
      buildConfiguration = "Release"
      revealArchiveInOrganizer = "YES">
   </ArchiveAction>
</Scheme>
